
Microsoft Visual Studio Solution File, Format Version 12.00
# Visual Studio 15
VisualStudioVersion = 15.0.26124.0
MinimumVisualStudioVersion = 15.0.26124.0
Project("{FAE04EC0-301F-11D3-BF4B-00C04F79EFBC}") = "Domain", "Domain\Domain.csproj", "{C0B8B895-F311-489D-A301-418E4B037487}"
EndProject
Project("{FAE04EC0-301F-11D3-BF4B-00C04F79EFBC}") = "API", "API\API.csproj", "{87539B7B-C671-47D0-B46F-0B84A855FE78}"
EndProject
Project("{FAE04EC0-301F-11D3-BF4B-00C04F79EFBC}") = "Application", "Application\Application.csproj", "{DB5D8B90-B106-4892-9069-8E45076462E9}"
EndProject
Project("{FAE04EC0-301F-11D3-BF4B-00C04F79EFBC}") = "Persistence", "Persistence\Persistence.csproj", "{5440FAFA-B977-4A52-BCA7-4A8761184537}"
EndProject
Global
	GlobalSection(SolutionConfigurationPlatforms) = preSolution
		Debug|Any CPU = Debug|Any CPU
		Debug|x64 = Debug|x64
		Debug|x86 = Debug|x86
		Release|Any CPU = Release|Any CPU
		Release|x64 = Release|x64
		Release|x86 = Release|x86
	EndGlobalSection
	GlobalSection(SolutionProperties) = preSolution
		HideSolutionNode = FALSE
	EndGlobalSection
	GlobalSection(ProjectConfigurationPlatforms) = postSolution
		{C0B8B895-F311-489D-A301-418E4B037487}.Debug|Any CPU.ActiveCfg = Debug|Any CPU
		{C0B8B895-F311-489D-A301-418E4B037487}.Debug|Any CPU.Build.0 = Debug|Any CPU
		{C0B8B895-F311-489D-A301-418E4B037487}.Debug|x64.ActiveCfg = Debug|Any CPU
		{C0B8B895-F311-489D-A301-418E4B037487}.Debug|x64.Build.0 = Debug|Any CPU
		{C0B8B895-F311-489D-A301-418E4B037487}.Debug|x86.ActiveCfg = Debug|Any CPU
		{C0B8B895-F311-489D-A301-418E4B037487}.Debug|x86.Build.0 = Debug|Any CPU
		{C0B8B895-F311-489D-A301-418E4B037487}.Release|Any CPU.ActiveCfg = Release|Any CPU
		{C0B8B895-F311-489D-A301-418E4B037487}.Release|Any CPU.Build.0 = Release|Any CPU
		{C0B8B895-F311-489D-A301-418E4B037487}.Release|x64.ActiveCfg = Release|Any CPU
		{C0B8B895-F311-489D-A301-418E4B037487}.Release|x64.Build.0 = Release|Any CPU
		{C0B8B895-F311-489D-A301-418E4B037487}.Release|x86.ActiveCfg = Release|Any CPU
		{C0B8B895-F311-489D-A301-418E4B037487}.Release|x86.Build.0 = Release|Any CPU
		{87539B7B-C671-47D0-B46F-0B84A855FE78}.Debug|Any CPU.ActiveCfg = Debug|Any CPU
		{87539B7B-C671-47D0-B46F-0B84A855FE78}.Debug|Any CPU.Build.0 = Debug|Any CPU
		{87539B7B-C671-47D0-B46F-0B84A855FE78}.Debug|x64.ActiveCfg = Debug|Any CPU
		{87539B7B-C671-47D0-B46F-0B84A855FE78}.Debug|x64.Build.0 = Debug|Any CPU
		{87539B7B-C671-47D0-B46F-0B84A855FE78}.Debug|x86.ActiveCfg = Debug|Any CPU
		{87539B7B-C671-47D0-B46F-0B84A855FE78}.Debug|x86.Build.0 = Debug|Any CPU
		{87539B7B-C671-47D0-B46F-0B84A855FE78}.Release|Any CPU.ActiveCfg = Release|Any CPU
		{87539B7B-C671-47D0-B46F-0B84A855FE78}.Release|Any CPU.Build.0 = Release|Any CPU
		{87539B7B-C671-47D0-B46F-0B84A855FE78}.Release|x64.ActiveCfg = Release|Any CPU
		{87539B7B-C671-47D0-B46F-0B84A855FE78}.Release|x64.Build.0 = Release|Any CPU
		{87539B7B-C671-47D0-B46F-0B84A855FE78}.Release|x86.ActiveCfg = Release|Any CPU
		{87539B7B-C671-47D0-B46F-0B84A855FE78}.Release|x86.Build.0 = Release|Any CPU
		{DB5D8B90-B106-4892-9069-8E45076462E9}.Debug|Any CPU.ActiveCfg = Debug|Any CPU
		{DB5D8B90-B106-4892-9069-8E45076462E9}.Debug|Any CPU.Build.0 = Debug|Any CPU
		{DB5D8B90-B106-4892-9069-8E45076462E9}.Debug|x64.ActiveCfg = Debug|Any CPU
		{DB5D8B90-B106-4892-9069-8E45076462E9}.Debug|x64.Build.0 = Debug|Any CPU
		{DB5D8B90-B106-4892-9069-8E45076462E9}.Debug|x86.ActiveCfg = Debug|Any CPU
		{DB5D8B90-B106-4892-9069-8E45076462E9}.Debug|x86.Build.0 = Debug|Any CPU
		{DB5D8B90-B106-4892-9069-8E45076462E9}.Release|Any CPU.ActiveCfg = Release|Any CPU
		{DB5D8B90-B106-4892-9069-8E45076462E9}.Release|Any CPU.Build.0 = Release|Any CPU
		{DB5D8B90-B106-4892-9069-8E45076462E9}.Release|x64.ActiveCfg = Release|Any CPU
		{DB5D8B90-B106-4892-9069-8E45076462E9}.Release|x64.Build.0 = Release|Any CPU
		{DB5D8B90-B106-4892-9069-8E45076462E9}.Release|x86.ActiveCfg = Release|Any CPU
		{DB5D8B90-B106-4892-9069-8E45076462E9}.Release|x86.Build.0 = Release|Any CPU
		{5440FAFA-B977-4A52-BCA7-4A8761184537}.Debug|Any CPU.ActiveCfg = Debug|Any CPU
		{5440FAFA-B977-4A52-BCA7-4A8761184537}.Debug|Any CPU.Build.0 = Debug|Any CPU
		{5440FAFA-B977-4A52-BCA7-4A8761184537}.Debug|x64.ActiveCfg = Debug|Any CPU
		{5440FAFA-B977-4A52-BCA7-4A8761184537}.Debug|x64.Build.0 = Debug|Any CPU
		{5440FAFA-B977-4A52-BCA7-4A8761184537}.Debug|x86.ActiveCfg = Debug|Any CPU
		{5440FAFA-B977-4A52-BCA7-4A8761184537}.Debug|x86.Build.0 = Debug|Any CPU
		{5440FAFA-B977-4A52-BCA7-4A8761184537}.Release|Any CPU.ActiveCfg = Release|Any CPU
		{5440FAFA-B977-4A52-BCA7-4A8761184537}.Release|Any CPU.Build.0 = Release|Any CPU
		{5440FAFA-B977-4A52-BCA7-4A8761184537}.Release|x64.ActiveCfg = Release|Any CPU
		{5440FAFA-B977-4A52-BCA7-4A8761184537}.Release|x64.Build.0 = Release|Any CPU
		{5440FAFA-B977-4A52-BCA7-4A8761184537}.Release|x86.ActiveCfg = Release|Any CPU
		{5440FAFA-B977-4A52-BCA7-4A8761184537}.Release|x86.Build.0 = Release|Any CPU
	EndGlobalSection
EndGlobal
